github.com/flopp/go-findfont v0.0.0-20201114153133-e7393a00c15b h1:/wqXgpZNTP8qV1dPEApjJXlDQd5N/F9U/WEvy5SawUI=
github.com/flopp/go-findfont v0.0.0-20201114153133-e7393a00c15b/go.mod h1:wKKxRDjD024Rh7VMwoU90i6ikQRCr+JTHB5n4Ejkqvw=
github.com/fogleman/gg v1.3.0 h1:/7zJX8F6AaYQc57WQCyN9cAIz+4bCJGO9B+dyW29am8=
github.com/fogleman/gg v1.3.0/go.mod h1:R/bRT+9gY/C5z7JzPU0zXsXHKM4/ayA+zqcVNZzPa1k=
github.com/golang/freetype v0.0.0-20170609003504-e2365dfdc4a0 h1:DACJavvAHhabrF08vX0COfcOBJRhZ8lUbR+ZWIs0Y5g=
github.com/golang/freetype v0.0.0-20170609003504-e2365dfdc4a0/go.mod h1:E/TSTwGwJL78qG/PmXZO1EjYhfJinVAhrmmHX6Z8B9k=
github.com/jinzhu/now v1.1.1 h1:g39TucaRWyV3dwDO++eEc6qf8TVIQ/Da48WmqjZ3i7E=
github.com/jinzhu/now v1.1.1/go.mod h1:d3SSVoowX0Lcu0IBviAWJpolVfI5UJVZZ7cO71lE/z8=
github.com/phpdave11/gofpdi v1.0.8/go.mod h1:vBmVV0Do6hSBHC8uKUQ71JGW+ZGQq74llk/7bXwjDoI=
github.com/phpdave11/gofpdi v1.0.13 h1:o61duiW8M9sMlkVXWlvP92sZJtGKENvW3VExs6dZukQ=
github.com/phpdave11/gofpdi v1.0.13/go.mod h1:vBmVV0Do6hSBHC8uKUQ71JGW+ZGQq74llk/7bXwjDoI=
github.com/pkg/errors v0.8.1/go.mod h1:bwawxfHBFNV+L2hUp1rHADufV3IMtnDRdf1r5NINEl0=
github.com/pkg/errors v0.9.1 h1:FEBLx1zS214owpjy7qsBeixbURkuhQAwrK5UwLGTwt4=
github.com/pkg/errors v0.9.1/go.mod h1:bwawxfHBFNV+L2hUp1rHADufV3IMtnDRdf1r5NINEl0=
github.com/signintech/gopdf v0.9.12 h1:7Div65CTQVA6auXukSh3fa1pKgLct2cgKMpXQdtNlmQ=
github.com/signintech/gopdf v0.9.12/go.mod h1:MrARAC6LaOgbnV6vrC5885VuoWCXazhAqx8L8zmjYy4=
golang.org/x/image v0.0.0-20201208152932-35266b937fa6 h1:nfeHNc1nAqecKCy2FCy4HY+soOOe5sDLJ/gZLbx6GYI=
golang.org/x/image v0.0.0-20201208152932-35266b937fa6/go.mod h1:FeLwcggjj3mMvU+oOTbSwawSJRM1uh48EjtB4UJZlP0=
golang.org/x/text v0.3.0/go.mod h1:NqM8EUOU14njkJ3fqMW+pc6Ldnwhi/IjpwHt7yyuwOQ=
muzzammil.xyz/jsonc v0.0.0-20201229145248-615b0916ca38 h1:RTgkUbDUEKgkFlwK9NsUAmI1t0zUo+kWKSm9bAbr0TQ=
muzzammil.xyz/jsonc v0.0.0-20201229145248-615b0916ca38/go.mod h1:rFv8tUUKe+QLh7v02BhfxXEf4ZHhYD7unR93HL/1Uvo=
